// !$*UTF8*$!
{
	archiveVersion = 1;
	classes = {
	};
	objectVersion = 46;
	objects = {

/* Begin PBXBuildFile section */
		68169099196CC3E800AC340B /* Foundation.framework in Frameworks */ = {isa = PBXBuildFile; fileRef = 68169098196CC3E800AC340B /* Foundation.framework */; };
		6816909B196CC3E800AC340B /* CoreGraphics.framework in Frameworks */ = {isa = PBXBuildFile; fileRef = 6816909A196CC3E800AC340B /* CoreGraphics.framework */; };
		6816909D196CC3E800AC340B /* UIKit.framework in Frameworks */ = {isa = PBXBuildFile; fileRef = 6816909C196CC3E800AC340B /* UIKit.framework */; };
		681690A3196CC3E800AC340B /* InfoPlist.strings in Resources */ = {isa = PBXBuildFile; fileRef = 681690A1196CC3E800AC340B /* InfoPlist.strings */; };
		681690A5196CC3E900AC340B /* main.m in Sources */ = {isa = PBXBuildFile; fileRef = 681690A4196CC3E800AC340B /* main.m */; };
		681690A9196CC3E900AC340B /* VONAppDelegate.m in Sources */ = {isa = PBXBuildFile; fileRef = 681690A8196CC3E900AC340B /* VONAppDelegate.m */; };
		681690AC196CC3E900AC340B /* Main.storyboard in Resources */ = {isa = PBXBuildFile; fileRef = 681690AA196CC3E900AC340B /* Main.storyboard */; };
		681690AF196CC3E900AC340B /* VONFirstViewController.m in Sources */ = {isa = PBXBuildFile; fileRef = 681690AE196CC3E900AC340B /* VONFirstViewController.m */; };
		681690B2196CC3E900AC340B /* VONSecondViewController.m in Sources */ = {isa = PBXBuildFile; fileRef = 681690B1196CC3E900AC340B /* VONSecondViewController.m */; };
		681690B4196CC3E900AC340B /* Images.xcassets in Resources */ = {isa = PBXBuildFile; fileRef = 681690B3196CC3E900AC340B /* Images.xcassets */; };
		681690BB196CC3E900AC340B /* XCTest.framework in Frameworks */ = {isa = PBXBuildFile; fileRef = 681690BA196CC3E900AC340B /* XCTest.framework */; };
		681690BC196CC3E900AC340B /* Foundation.framework in Frameworks */ = {isa = PBXBuildFile; fileRef = 68169098196CC3E800AC340B /* Foundation.framework */; };
		681690BD196CC3E900AC340B /* UIKit.framework in Frameworks */ = {isa = PBXBuildFile; fileRef = 6816909C196CC3E800AC340B /* UIKit.framework */; };
		681690C5196CC3E900AC340B /* InfoPlist.strings in Resources */ = {isa = PBXBuildFile; fileRef = 681690C3196CC3E900AC340B /* InfoPlist.strings */; };
		681690C7196CC3E900AC340B /* ULikeTests.m in Sources */ = {isa = PBXBuildFile; fileRef = 681690C6196CC3E900AC340B /* ULikeTests.m */; };
/* End PBXBuildFile section */

/* Begin PBXContainerItemProxy section */
		681690BE196CC3E900AC340B /* PBXContainerItemProxy */ = {
			isa = PBXContainerItemProxy;
			containerPortal = 6816908D196CC3E800AC340B /* Project object */;
			proxyType = 1;
			remoteGlobalIDString = 68169094196CC3E800AC340B;
			remoteInfo = ULike;
		};
/* End PBXContainerItemProxy section */

/* Begin PBXFileReference section */
		68169095196CC3E800AC340B /* ULike.app */ = {isa = PBXFileReference; explicitFileType = wrapper.application; includeInIndex = 0; path = ULike.app; sourceTree = BUILT_PRODUCTS_DIR; };
		68169098196CC3E800AC340B /* Foundation.framework */ = {isa = PBXFileReference; lastKnownFileType = wrapper.framework; name = Foundation.framework; path = System/Library/Frameworks/Foundation.framework; sourceTree = SDKROOT; };
		6816909A196CC3E800AC340B /* CoreGraphics.framework */ = {isa = PBXFileReference; lastKnownFileType = wrapper.framework; name = CoreGraphics.framework; path = System/Library/Frameworks/CoreGraphics.framework; sourceTree = SDKROOT; };
		6816909C196CC3E800AC340B /* UIKit.framework */ = {isa = PBXFileReference; lastKnownFileType = wrapper.framework; name = UIKit.framework; path = System/Library/Frameworks/UIKit.framework; sourceTree = SDKROOT; };
		681690A0196CC3E800AC340B /* ULike-Info.plist */ = {isa = PBXFileReference; lastKnownFileType = text.plist.xml; path = "ULike-Info.plist"; sourceTree = "<group>"; };
		681690A2196CC3E800AC340B /* en */ = {isa = PBXFileReference; lastKnownFileType = text.plist.strings; name = en; path = en.lproj/InfoPlist.strings; sourceTree = "<group>"; };
		681690A4196CC3E800AC340B /* main.m */ = {isa = PBXFileReference; lastKnownFileType = sourcecode.c.objc; path = main.m; sourceTree = "<group>"; };
		681690A6196CC3E900AC340B /* ULike-Prefix.pch */ = {isa = PBXFileReference; lastKnownFileType = sourcecode.c.h; path = "ULike-Prefix.pch"; sourceTree = "<group>"; };
		681690A7196CC3E900AC340B /* VONAppDelegate.h */ = {isa = PBXFileReference; lastKnownFileType = sourcecode.c.h; path = VONAppDelegate.h; sourceTree = "<group>"; };
		681690A8196CC3E900AC340B /* VONAppDelegate.m */ = {isa = PBXFileReference; lastKnownFileType = sourcecode.c.objc; path = VONAppDelegate.m; sourceTree = "<group>"; };
		681690AB196CC3E900AC340B /* Base */ = {isa = PBXFileReference; lastKnownFileType = file.storyboard; name = Base; path = Base.lproj/Main.storyboard; sourceTree = "<group>"; };
		681690AD196CC3E900AC340B /* VONFirstViewController.h */ = {isa = PBXFileReference; lastKnownFileType = sourcecode.c.h; path = VONFirstViewController.h; sourceTree = "<group>"; };
		681690AE196CC3E900AC340B /* VONFirstViewController.m */ = {isa = PBXFileReference; lastKnownFileType = sourcecode.c.objc; path = VONFirstViewController.m; sourceTree = "<group>"; };
		681690B0196CC3E900AC340B /* VONSecondViewController.h */ = {isa = PBXFileReference; lastKnownFileType = sourcecode.c.h; path = VONSecondViewController.h; sourceTree = "<group>"; };
		681690B1196CC3E900AC340B /* VONSecondViewController.m */ = {isa = PBXFileReference; lastKnownFileType = sourcecode.c.objc; path = VONSecondViewController.m; sourceTree = "<group>"; };
		681690B3196CC3E900AC340B /* Images.xcassets */ = {isa = PBXFileReference; lastKnownFileType = folder.assetcatalog; path = Images.xcassets; sourceTree = "<group>"; };
		681690B9196CC3E900AC340B /* ULikeTests.xctest */ = {isa = PBXFileReference; explicitFileType = wrapper.cfbundle; includeInIndex = 0; path = ULikeTests.xctest; sourceTree = BUILT_PRODUCTS_DIR; };
		681690BA196CC3E900AC340B /* XCTest.framework */ = {isa = PBXFileReference; lastKnownFileType = wrapper.framework; name = XCTest.framework; path = Library/Frameworks/XCTest.framework; sourceTree = DEVELOPER_DIR; };
		681690C2196CC3E900AC340B /* ULikeTests-Info.plist */ = {isa = PBXFileReference; lastKnownFileType = text.plist.xml; path = "ULikeTests-Info.plist"; sourceTree = "<group>"; };
		681690C4196CC3E900AC340B /* en */ = {isa = PBXFileReference; lastKnownFileType = text.plist.strings; name = en; path = en.lproj/InfoPlist.strings; sourceTree = "<group>"; };
		681690C6196CC3E900AC340B /* ULikeTests.m */ = {isa = PBXFileReference; lastKnownFileType = sourcecode.c.objc; path = ULikeTests.m; sourceTree = "<group>"; };
/* End PBXFileReference section */

/* Begin PBXFrameworksBuildPhase section */
		68169092196CC3E800AC340B /* Frameworks */ = {
			isa = PBXFrameworksBuildPhase;
			buildActionMask = 2147483647;
			files = (
				6816909B196CC3E800AC340B /* CoreGraphics.framework in Frameworks */,
				6816909D196CC3E800AC340B /* UIKit.framework in Frameworks */,
				68169099196CC3E800AC340B /* Foundation.framework in Frameworks */,
			);
			runOnlyForDeploymentPostprocessing = 0;
		};
		681690B6196CC3E900AC340B /* Frameworks */ = {
			isa = PBXFrameworksBuildPhase;
			buildActionMask = 2147483647;
			files = (
				681690BB196CC3E900AC340B /* XCTest.framework in Frameworks */,
				681690BD196CC3E900AC340B /* UIKit.framework in Frameworks */,
				681690BC196CC3E900AC340B /* Foundation.framework in Frameworks */,
			);
			runOnlyForDeploymentPostprocessing = 0;
		};
/* End PBXFrameworksBuildPhase section */

/* Begin PBXGroup section */
		6816908C196CC3E800AC340B = {
			isa = PBXGroup;
			children = (
				6816909E196CC3E800AC340B /* ULike */,
				681690C0196CC3E900AC340B /* ULikeTests */,
				68169097196CC3E800AC340B /* Frameworks */,
				68169096196CC3E800AC340B /* Products */,
			);
			sourceTree = "<group>";
		};
		68169096196CC3E800AC340B /* Products */ = {
			isa = PBXGroup;
			children = (
				68169095196CC3E800AC340B /* ULike.app */,
				681690B9196CC3E900AC340B /* ULikeTests.xctest */,
			);
			name = Products;
			sourceTree = "<group>";
		};
		68169097196CC3E800AC340B /* Frameworks */ = {
			isa = PBXGroup;
			children = (
				68169098196CC3E800AC340B /* Foundation.framework */,
				6816909A196CC3E800AC340B /* CoreGraphics.framework */,
				6816909C196CC3E800AC340B /* UIKit.framework */,
				681690BA196CC3E900AC340B /* XCTest.framework */,
			);
			name = Frameworks;
			sourceTree = "<group>";
		};
		6816909E196CC3E800AC340B /* ULike */ = {
			isa = PBXGroup;
			children = (
				681690A7196CC3E900AC340B /* VONAppDelegate.h */,
				681690A8196CC3E900AC340B /* VONAppDelegate.m */,
				681690AA196CC3E900AC340B /* Main.storyboard */,
				681690AD196CC3E900AC340B /* VONFirstViewController.h */,
				681690AE196CC3E900AC340B /* VONFirstViewController.m */,
				681690B0196CC3E900AC340B /* VONSecondViewController.h */,
				681690B1196CC3E900AC340B /* VONSecondViewController.m */,
				681690B3196CC3E900AC340B /* Images.xcassets */,
				6816909F196CC3E800AC340B /* Supporting Files */,
			);
			path = ULike;
			sourceTree = "<group>";
		};
		6816909F196CC3E800AC340B /* Supporting Files */ = {
			isa = PBXGroup;
			children = (
				681690A0196CC3E800AC340B /* ULike-Info.plist */,
				681690A1196CC3E800AC340B /* InfoPlist.strings */,
				681690A4196CC3E800AC340B /* main.m */,
				681690A6196CC3E900AC340B /* ULike-Prefix.pch */,
			);
			name = "Supporting Files";
			sourceTree = "<group>";
		};
		681690C0196CC3E900AC340B /* ULikeTests */ = {
			isa = PBXGroup;
			children = (
				681690C6196CC3E900AC340B /* ULikeTests.m */,
				681690C1196CC3E900AC340B /* Supporting Files */,
			);
			path = ULikeTests;
			sourceTree = "<group>";
		};
		681690C1196CC3E900AC340B /* Supporting Files */ = {
			isa = PBXGroup;
			children = (
				681690C2196CC3E900AC340B /* ULikeTests-Info.plist */,
				681690C3196CC3E900AC340B /* InfoPlist.strings */,
			);
			name = "Supporting Files";
			sourceTree = "<group>";
		};
/* End PBXGroup section */

/* Begin PBXNativeTarget section */
		68169094196CC3E800AC340B /* ULike */ = {
			isa = PBXNativeTarget;
			buildConfigurationList = 681690CA196CC3E900AC340B /* Build configuration list for PBXNativeTarget "ULike" */;
			buildPhases = (
				68169091196CC3E800AC340B /* Sources */,
				68169092196CC3E800AC340B /* Frameworks */,
				68169093196CC3E800AC340B /* Resources */,
			);
			buildRules = (
			);
			dependencies = (
			);
			name = ULike;
			productName = ULike;
			productReference = 68169095196CC3E800AC340B /* ULike.app */;
			productType = "com.apple.product-type.application";
		};
		681690B8196CC3E900AC340B /* ULikeTests */ = {
			isa = PBXNativeTarget;
			buildConfigurationList = 681690CD196CC3E900AC340B /* Build configuration list for PBXNativeTarget "ULikeTests" */;
			buildPhases = (
				681690B5196CC3E900AC340B /* Sources */,
				681690B6196CC3E900AC340B /* Frameworks */,
				681690B7196CC3E900AC340B /* Resources */,
			);
			buildRules = (
			);
			dependencies = (
				681690BF196CC3E900AC340B /* PBXTargetDependency */,
			);
			name = ULikeTests;
			productName = ULikeTests;
			productReference = 681690B9196CC3E900AC340B /* ULikeTests.xctest */;
			productType = "com.apple.product-type.bundle.unit-test";
		};
/* End PBXNativeTarget section */

/* Begin PBXProject section */
		6816908D196CC3E800AC340B /* Project object */ = {
			isa = PBXProject;
			attributes = {
				CLASSPREFIX = VON;
				LastUpgradeCheck = 0510;
				ORGANIZATIONNAME = Duri;
				TargetAttributes = {
					681690B8196CC3E900AC340B = {
						TestTargetID = 68169094196CC3E800AC340B;
					};
				};
			};
			buildConfigurationList = 68169090196CC3E800AC340B /* Build configuration list for PBXProject "ULike" */;
			compatibilityVersion = "Xcode 3.2";
			developmentRegion = English;
			hasScannedForEncodings = 0;
			knownRegions = (
				en,
				Base,
			);
			mainGroup = 6816908C196CC3E800AC340B;
			productRefGroup = 68169096196CC3E800AC340B /* Products */;
			projectDirPath = "";
			projectRoot = "";
			targets = (
				68169094196CC3E800AC340B /* ULike */,
				681690B8196CC3E900AC340B /* ULikeTests */,
			);
		};
/* End PBXProject section */

/* Begin PBXResourcesBuildPhase section */
		68169093196CC3E800AC340B /* Resources */ = {
			isa = PBXResourcesBuildPhase;
			buildActionMask = 2147483647;
			files = (
				681690B4196CC3E900AC340B /* Images.xcassets in Resources */,
				681690A3196CC3E800AC340B /* InfoPlist.strings in Resources */,
				681690AC196CC3E900AC340B /* Main.storyboard in Resources */,
			);
			runOnlyForDeploymentPostprocessing = 0;
		};
		681690B7196CC3E900AC340B /* Resources */ = {
			isa = PBXResourcesBuildPhase;
			buildActionMask = 2147483647;
			files = (
				681690C5196CC3E900AC340B /* InfoPlist.strings in Resources */,
			);
			runOnlyForDeploymentPostprocessing = 0;
		};
/* End PBXResourcesBuildPhase section */

/* Begin PBXSourcesBuildPhase section */
		68169091196CC3E800AC340B /* Sources */ = {
			isa = PBXSourcesBuildPhase;
			buildActionMask = 2147483647;
			files = (
				681690A9196CC3E900AC340B /* VONAppDelegate.m in Sources */,
				681690A5196CC3E900AC340B /* main.m in Sources */,
				681690B2196CC3E900AC340B /* VONSecondViewController.m in Sources */,
				681690AF196CC3E900AC340B /* VONFirstViewController.m in Sources */,
			);
			runOnlyForDeploymentPostprocessing = 0;
		};
		681690B5196CC3E900AC340B /* Sources */ = {
			isa = PBXSourcesBuildPhase;
			buildActionMask = 2147483647;
			files = (
				681690C7196CC3E900AC340B /* ULikeTests.m in Sources */,
			);
			runOnlyForDeploymentPostprocessing = 0;
		};
/* End PBXSourcesBuildPhase section */

/* Begin PBXTargetDependency section */
		681690BF196CC3E900AC340B /* PBXTargetDependency */ = {
			isa = PBXTargetDependency;
			target = 68169094196CC3E800AC340B /* ULike */;
			targetProxy = 681690BE196CC3E900AC340B /* PBXContainerItemProxy */;
		};
/* End PBXTargetDependency section */

/* Begin PBXVariantGroup section */
		681690A1196CC3E800AC340B /* InfoPlist.strings */ = {
			isa = PBXVariantGroup;
			children = (
				681690A2196CC3E800AC340B /* en */,
			);
			name = InfoPlist.strings;
			sourceTree = "<group>";
		};
		681690AA196CC3E900AC340B /* Main.storyboard */ = {
			isa = PBXVariantGroup;
			children = (
				681690AB196CC3E900AC340B /* Base */,
			);
			name = Main.storyboard;
			sourceTree = "<group>";
		};
		681690C3196CC3E900AC340B /* InfoPlist.strings */ = {
			isa = PBXVariantGroup;
			children = (
				681690C4196CC3E900AC340B /* en */,
			);
			name = InfoPlist.strings;
			sourceTree = "<group>";
		};
/* End PBXVariantGroup section */

/* Begin XCBuildConfiguration section */
		681690C8196CC3E900AC340B /* Debug */ = {
			isa = XCBuildConfiguration;
			buildSettings = {
				ALWAYS_SEARCH_USER_PATHS = NO;
				CLANG_CXX_LANGUAGE_STANDARD = "gnu++0x";
				CLANG_CXX_LIBRARY = "libc++";
				CLANG_ENABLE_MODULES = YES;
				CLANG_ENABLE_OBJC_ARC = YES;
				CLANG_WARN_BOOL_CONVERSION = YES;
				CLANG_WARN_CONSTANT_CONVERSION = YES;
				CLANG_WARN_DIRECT_OBJC_ISA_USAGE = YES_ERROR;
				CLANG_WARN_EMPTY_BODY = YES;
				CLANG_WARN_ENUM_CONVERSION = YES;
				CLANG_WARN_INT_CONVERSION = YES;
				CLANG_WARN_OBJC_ROOT_CLASS = YES_ERROR;
				CLANG_WARN__DUPLICATE_METHOD_MATCH = YES;
				"CODE_SIGN_IDENTITY[sdk=iphoneos*]" = "iPhone Developer";
				COPY_PHASE_STRIP = NO;
				GCC_C_LANGUAGE_STANDARD = gnu99;
				GCC_DYNAMIC_NO_PIC = NO;
				GCC_OPTIMIZATION_LEVEL = 0;
				GCC_PREPROCESSOR_DEFINITIONS = (
					"DEBUG=1",
					"$(inherited)",
				);
				GCC_SYMBOLS_PRIVATE_EXTERN = NO;
				GCC_WARN_64_TO_32_BIT_CONVERSION = YES;
				GCC_WARN_ABOUT_RETURN_TYPE = YES_ERROR;
				GCC_WARN_UNDECLARED_SELECTOR = YES;
				GCC_WARN_UNINITIALIZED_AUTOS = YES_AGGRESSIVE;
				GCC_WARN_UNUSED_FUNCTION = YES;
				GCC_WARN_UNUSED_VARIABLE = YES;
				IPHONEOS_DEPLOYMENT_TARGET = 7.1;
				ONLY_ACTIVE_ARCH = YES;
				SDKROOT = iphoneos;
			};
			name = Debug;
		};
		681690C9196CC3E900AC340B /* Release */ = {
			isa = XCBuildConfiguration;
			buildSettings = {
				ALWAYS_SEARCH_USER_PATHS = NO;
				CLANG_CXX_LANGUAGE_STANDARD = "gnu++0x";
				CLANG_CXX_LIBRARY = "libc++";
				CLANG_ENABLE_MODULES = YES;
				CLANG_ENABLE_OBJC_ARC = YES;
				CLANG_WARN_BOOL_CONVERSION = YES;
				CLANG_WARN_CONSTANT_CONVERSION = YES;
				CLANG_WARN_DIRECT_OBJC_ISA_USAGE = YES_ERROR;
				CLANG_WARN_EMPTY_BODY = YES;
				CLANG_WARN_ENUM_CONVERSION = YES;
				CLANG_WARN_INT_CONVERSION = YES;
				CLANG_WARN_OBJC_ROOT_CLASS = YES_ERROR;
				CLANG_WARN__DUPLICATE_METHOD_MATCH = YES;
				"CODE_SIGN_IDENTITY[sdk=iphoneos*]" = "iPhone Developer";
				COPY_PHASE_STRIP = YES;
				ENABLE_NS_ASSERTIONS = NO;
				GCC_C_LANGUAGE_STANDARD = gnu99;
				GCC_WARN_64_TO_32_BIT_CONVERSION = YES;
				GCC_WARN_ABOUT_RETURN_TYPE = YES_ERROR;
				GCC_WARN_UNDECLARED_SELECTOR = YES;
				GCC_WARN_UNINITIALIZED_AUTOS = YES_AGGRESSIVE;
				GCC_WARN_UNUSED_FUNCTION = YES;
				GCC_WARN_UNUSED_VARIABLE = YES;
				IPHONEOS_DEPLOYMENT_TARGET = 7.1;
				SDKROOT = iphoneos;
				VALIDATE_PRODUCT = YES;
			};
			name = Release;
		};
		681690CB196CC3E900AC340B /* Debug */ = {
			isa = XCBuildConfiguration;
			buildSettings = {
				ASSETCATALOG_COMPILER_APPICON_NAME = AppIcon;
				ASSETCATALOG_COMPILER_LAUNCHIMAGE_NAME = LaunchImage;
				GCC_PRECOMPILE_PREFIX_HEADER = YES;
				GCC_PREFIX_HEADER = "ULike/ULike-Prefix.pch";
				INFOPLIST_FILE = "ULike/ULike-Info.plist";
				PRODUCT_NAME = "$(TARGET_NAME)";
				WRAPPER_EXTENSION = app;
			};
			name = Debug;
		};
		681690CC196CC3E900AC340B /* Release */ = {
			isa = XCBuildConfiguration;
			buildSettings = {
				ASSETCATALOG_COMPILER_APPICON_NAME = AppIcon;
				ASSETCATALOG_COMPILER_LAUNCHIMAGE_NAME = LaunchImage;
				GCC_PRECOMPILE_PREFIX_HEADER = YES;
				GCC_PREFIX_HEADER = "ULike/ULike-Prefix.pch";
				INFOPLIST_FILE = "ULike/ULike-Info.plist";
				PRODUCT_NAME = "$(TARGET_NAME)";
				WRAPPER_EXTENSION = app;
			};
			name = Release;
		};
		681690CE196CC3E900AC340B /* Debug */ = {
			isa = XCBuildConfiguration;
			buildSettings = {
				BUNDLE_LOADER = "$(BUILT_PRODUCTS_DIR)/ULike.app/ULike";
				FRAMEWORK_SEARCH_PATHS = (
					"$(SDKROOT)/Developer/Library/Frameworks",
					"$(inherited)",
					"$(DEVELOPER_FRAMEWORKS_DIR)",
				);
				GCC_PRECOMPILE_PREFIX_HEADER = YES;
				GCC_PREFIX_HEADER = "ULike/ULike-Prefix.pch";
				GCC_PREPROCESSOR_DEFINITIONS = (
					"DEBUG=1",
					"$(inherited)",
				);
				INFOPLIST_FILE = "ULikeTests/ULikeTests-Info.plist";
				PRODUCT_NAME = "$(TARGET_NAME)";
				TEST_HOST = "$(BUNDLE_LOADER)";
				WRAPPER_EXTENSION = xctest;
			};
			name = Debug;
		};
		681690CF196CC3E900AC340B /* Release */ = {
			isa = XCBuildConfiguration;
			buildSettings = {
				BUNDLE_LOADER = "$(BUILT_PRODUCTS_DIR)/ULike.app/ULike";
				FRAMEWORK_SEARCH_PATHS = (
					"$(SDKROOT)/Developer/Library/Frameworks",
					"$(inherited)",
					"$(DEVELOPER_FRAMEWORKS_DIR)",
				);
				GCC_PRECOMPILE_PREFIX_HEADER = YES;
				GCC_PREFIX_HEADER = "ULike/ULike-Prefix.pch";
				INFOPLIST_FILE = "ULikeTests/ULikeTests-Info.plist";
				PRODUCT_NAME = "$(TARGET_NAME)";
				TEST_HOST = "$(BUNDLE_LOADER)";
				WRAPPER_EXTENSION = xctest;
			};
			name = Release;
		};
/* End XCBuildConfiguration section */

/* Begin XCConfigurationList section */
		68169090196CC3E800AC340B /* Build configuration list for PBXProject "ULike" */ = {
			isa = XCConfigurationList;
			buildConfigurations = (
				681690C8196CC3E900AC340B /* Debug */,
				681690C9196CC3E900AC340B /* Release */,
			);
			defaultConfigurationIsVisible = 0;
			defaultConfigurationName = Release;
		};
		681690CA196CC3E900AC340B /* Build configuration list for PBXNativeTarget "ULike" */ = {
			isa = XCConfigurationList;
			buildConfigurations = (
				681690CB196CC3E900AC340B /* Debug */,
				681690CC196CC3E900AC340B /* Release */,
			);
			defaultConfigurationIsVisible = 0;
		};
		681690CD196CC3E900AC340B /* Build configuration list for PBXNativeTarget "ULikeTests" */ = {
			isa = XCConfigurationList;
			buildConfigurations = (
				681690CE196CC3E900AC340B /* Debug */,
				681690CF196CC3E900AC340B /* Release */,
			);
			defaultConfigurationIsVisible = 0;
		};
/* End XCConfigurationList section */
	};
	rootObject = 6816908D196CC3E800AC340B /* Project object */;
}
